
Microsoft Visual Studio Solution File, Format Version 12.00
# Visual Studio Version 16
VisualStudioVersion = 16.0.31702.278
MinimumVisualStudioVersion = 10.0.40219.1
Project("{FAE04EC0-301F-11D3-BF4B-00C04F79EFBC}") = "Parcial2Naipe", "Parcial2Naipe.csproj", "{905A53B4-941C-4381-AADB-5B94E5ED8C4A}"
EndProject
Global
	GlobalSection(SolutionConfigurationPlatforms) = preSolution
		Debug|Any CPU = Debug|Any CPU
		Release|Any CPU = Release|Any CPU
	EndGlobalSection
	GlobalSection(ProjectConfigurationPlatforms) = postSolution
		{905A53B4-941C-4381-AADB-5B94E5ED8C4A}.Debug|Any CPU.ActiveCfg = Debug|Any CPU
		{905A53B4-941C-4381-AADB-5B94E5ED8C4A}.Debug|Any CPU.Build.0 = Debug|Any CPU
		{905A53B4-941C-4381-AADB-5B94E5ED8C4A}.Release|Any CPU.ActiveCfg = Release|Any CPU
		{905A53B4-941C-4381-AADB-5B94E5ED8C4A}.Release|Any CPU.Build.0 = Release|Any CPU
	EndGlobalSection
	GlobalSection(SolutionProperties) = preSolution
		HideSolutionNode = FALSE
	EndGlobalSection
	GlobalSection(ExtensibilityGlobals) = postSolution
		SolutionGuid = {7549F0E4-A595-4384-AD9A-95A9332666B0}
	EndGlobalSection
EndGlobal
